
Microsoft Visual Studio Solution File, Format Version 12.00
# Visual Studio Version 17
VisualStudioVersion = 17.4.33213.308
MinimumVisualStudioVersion = 10.0.40219.1
Project("{9A19103F-16F7-4668-BE54-9A1E7A4F7556}") = "api.abrazos", "api.abrazos\api.abrazos.csproj", "{7E409BCC-C068-463F-A2A2-313AD022FDF8}"
EndProject
Project("{2150E333-8FDC-42A3-9474-1A3956D46DE8}") = "Percistence", "Percistence", "{CB89D8AF-9DCC-4528-8532-6DB9F2EBF571}"
EndProject
Project("{2150E333-8FDC-42A3-9474-1A3956D46DE8}") = "Models", "Models", "{131FE38F-BF55-4986-A599-3B5C9C45A762}"
EndProject
Project("{9A19103F-16F7-4668-BE54-9A1E7A4F7556}") = "Persistence.Database", "Persistence.Database\Persistence.Database.csproj", "{955DC231-22C7-43B1-84B9-55DBEB570F3A}"
EndProject
Project("{9A19103F-16F7-4668-BE54-9A1E7A4F7556}") = "Models", "Models\Models.csproj", "{FB0DD677-3D5F-4DFF-BD85-CBBA0E01F1AE}"
EndProject
Project("{2150E333-8FDC-42A3-9474-1A3956D46DE8}") = "ServicesQueries", "ServicesQueries", "{08D1554C-6F2A-483F-AF6D-160F1086FF4B}"
EndProject
Project("{9A19103F-16F7-4668-BE54-9A1E7A4F7556}") = "ServicesQueries", "Services\ServicesQueries.csproj", "{0E0EBD45-5672-4423-ADA8-4CF6D4B630D6}"
EndProject
Project("{2150E333-8FDC-42A3-9474-1A3956D46DE8}") = "ServiceEventHandler", "ServiceEventHandler", "{4F47AEDC-26A6-49C8-847E-583A0A42D347}"
EndProject
Project("{9A19103F-16F7-4668-BE54-9A1E7A4F7556}") = "ServiceEventHandler", "ServiceEventHandler\ServiceEventHandler.csproj", "{D45E7190-3985-4BC0-BC24-7CA71A0639E1}"
EndProject
Project("{2150E333-8FDC-42A3-9474-1A3956D46DE8}") = "Utils", "Utils", "{1A9C9D5A-DE9C-414A-B1AE-3BF9FA5BE722}"
EndProject
Project("{9A19103F-16F7-4668-BE54-9A1E7A4F7556}") = "Utils", "Utils\Utils.csproj", "{67A04ADD-8FAE-4B29-82BE-7F4DD3A15F0F}"
EndProject
Global
	GlobalSection(SolutionConfigurationPlatforms) = preSolution
		Debug|Any CPU = Debug|Any CPU
		Release|Any CPU = Release|Any CPU
	EndGlobalSection
	GlobalSection(ProjectConfigurationPlatforms) = postSolution
		{7E409BCC-C068-463F-A2A2-313AD022FDF8}.Debug|Any CPU.ActiveCfg = Debug|Any CPU
		{7E409BCC-C068-463F-A2A2-313AD022FDF8}.Debug|Any CPU.Build.0 = Debug|Any CPU
		{7E409BCC-C068-463F-A2A2-313AD022FDF8}.Release|Any CPU.ActiveCfg = Release|Any CPU
		{7E409BCC-C068-463F-A2A2-313AD022FDF8}.Release|Any CPU.Build.0 = Release|Any CPU
		{955DC231-22C7-43B1-84B9-55DBEB570F3A}.Debug|Any CPU.ActiveCfg = Debug|Any CPU
		{955DC231-22C7-43B1-84B9-55DBEB570F3A}.Debug|Any CPU.Build.0 = Debug|Any CPU
		{955DC231-22C7-43B1-84B9-55DBEB570F3A}.Release|Any CPU.ActiveCfg = Release|Any CPU
		{955DC231-22C7-43B1-84B9-55DBEB570F3A}.Release|Any CPU.Build.0 = Release|Any CPU
		{FB0DD677-3D5F-4DFF-BD85-CBBA0E01F1AE}.Debug|Any CPU.ActiveCfg = Debug|Any CPU
		{FB0DD677-3D5F-4DFF-BD85-CBBA0E01F1AE}.Debug|Any CPU.Build.0 = Debug|Any CPU
		{FB0DD677-3D5F-4DFF-BD85-CBBA0E01F1AE}.Release|Any CPU.ActiveCfg = Release|Any CPU
		{FB0DD677-3D5F-4DFF-BD85-CBBA0E01F1AE}.Release|Any CPU.Build.0 = Release|Any CPU
		{0E0EBD45-5672-4423-ADA8-4CF6D4B630D6}.Debug|Any CPU.ActiveCfg = Debug|Any CPU
		{0E0EBD45-5672-4423-ADA8-4CF6D4B630D6}.Debug|Any CPU.Build.0 = Debug|Any CPU
		{0E0EBD45-5672-4423-ADA8-4CF6D4B630D6}.Release|Any CPU.ActiveCfg = Release|Any CPU
		{0E0EBD45-5672-4423-ADA8-4CF6D4B630D6}.Release|Any CPU.Build.0 = Release|Any CPU
		{D45E7190-3985-4BC0-BC24-7CA71A0639E1}.Debug|Any CPU.ActiveCfg = Debug|Any CPU
		{D45E7190-3985-4BC0-BC24-7CA71A0639E1}.Debug|Any CPU.Build.0 = Debug|Any CPU
		{D45E7190-3985-4BC0-BC24-7CA71A0639E1}.Release|Any CPU.ActiveCfg = Release|Any CPU
		{D45E7190-3985-4BC0-BC24-7CA71A0639E1}.Release|Any CPU.Build.0 = Release|Any CPU
		{67A04ADD-8FAE-4B29-82BE-7F4DD3A15F0F}.Debug|Any CPU.ActiveCfg = Debug|Any CPU
		{67A04ADD-8FAE-4B29-82BE-7F4DD3A15F0F}.Debug|Any CPU.Build.0 = Debug|Any CPU
		{67A04ADD-8FAE-4B29-82BE-7F4DD3A15F0F}.Release|Any CPU.ActiveCfg = Release|Any CPU
		{67A04ADD-8FAE-4B29-82BE-7F4DD3A15F0F}.Release|Any CPU.Build.0 = Release|Any CPU
	EndGlobalSection
	GlobalSection(SolutionProperties) = preSolution
		HideSolutionNode = FALSE
	EndGlobalSection
	GlobalSection(NestedProjects) = preSolution
		{955DC231-22C7-43B1-84B9-55DBEB570F3A} = {CB89D8AF-9DCC-4528-8532-6DB9F2EBF571}
		{FB0DD677-3D5F-4DFF-BD85-CBBA0E01F1AE} = {131FE38F-BF55-4986-A599-3B5C9C45A762}
		{0E0EBD45-5672-4423-ADA8-4CF6D4B630D6} = {08D1554C-6F2A-483F-AF6D-160F1086FF4B}
		{D45E7190-3985-4BC0-BC24-7CA71A0639E1} = {4F47AEDC-26A6-49C8-847E-583A0A42D347}
		{67A04ADD-8FAE-4B29-82BE-7F4DD3A15F0F} = {1A9C9D5A-DE9C-414A-B1AE-3BF9FA5BE722}
	EndGlobalSection
	GlobalSection(ExtensibilityGlobals) = postSolution
		SolutionGuid = {C99F877F-4456-4021-AB9B-10548CF4E359}
	EndGlobalSection
EndGlobal
